
Microsoft Visual Studio Solution File, Format Version 12.00
# Visual Studio Version 16
VisualStudioVersion = 16.0.33927.289
MinimumVisualStudioVersion = 10.0.40219.1
Project("{2150E333-8FDC-42A3-9474-1A3956D46DE8}") = "Lab0", "Lab0", "{6126DFF8-BAF2-483E-87D6-5037B4FD285F}"
EndProject
Project("{FAE04EC0-301F-11D3-BF4B-00C04F79EFBC}") = "Tyuiu.MorozovVV.ConsoleApp.Lab0.V0", "Tyuiu.MorozovVV.ConsoleApp.Lab0.V0\Tyuiu.MorozovVV.ConsoleApp.Lab0.V0.csproj", "{9F9726DF-17B6-4A3F-9BD6-9FF9823B9162}"
EndProject
Project("{FAE04EC0-301F-11D3-BF4B-00C04F79EFBC}") = "Tyuiu.MorozovVV.ConsoleApp.Lab0.V0.Lib", "Tyuiu.MorozovVV.ConsoleApp.Lab0.V0.Lib\Tyuiu.MorozovVV.ConsoleApp.Lab0.V0.Lib.csproj", "{5DA5D0C4-385A-4EE4-8648-B70404A991B7}"
EndProject
Project("{FAE04EC0-301F-11D3-BF4B-00C04F79EFBC}") = "Tyuiu.MorozovVV.ConsoleApp.Lab0.V0.Test", "Tyuiu.MorozovVV.ConsoleApp.Lab0.V0.Test\Tyuiu.MorozovVV.ConsoleApp.Lab0.V0.Test.csproj", "{32C54985-8A69-4DD2-AA19-ED7B810AE618}"
EndProject
Global
	GlobalSection(SolutionConfigurationPlatforms) = preSolution
		Debug|Any CPU = Debug|Any CPU
		Release|Any CPU = Release|Any CPU
	EndGlobalSection
	GlobalSection(ProjectConfigurationPlatforms) = postSolution
		{9F9726DF-17B6-4A3F-9BD6-9FF9823B9162}.Debug|Any CPU.ActiveCfg = Debug|Any CPU
		{9F9726DF-17B6-4A3F-9BD6-9FF9823B9162}.Debug|Any CPU.Build.0 = Debug|Any CPU
		{9F9726DF-17B6-4A3F-9BD6-9FF9823B9162}.Release|Any CPU.ActiveCfg = Release|Any CPU
		{9F9726DF-17B6-4A3F-9BD6-9FF9823B9162}.Release|Any CPU.Build.0 = Release|Any CPU
		{5DA5D0C4-385A-4EE4-8648-B70404A991B7}.Debug|Any CPU.ActiveCfg = Debug|Any CPU
		{5DA5D0C4-385A-4EE4-8648-B70404A991B7}.Debug|Any CPU.Build.0 = Debug|Any CPU
		{5DA5D0C4-385A-4EE4-8648-B70404A991B7}.Release|Any CPU.ActiveCfg = Release|Any CPU
		{5DA5D0C4-385A-4EE4-8648-B70404A991B7}.Release|Any CPU.Build.0 = Release|Any CPU
		{32C54985-8A69-4DD2-AA19-ED7B810AE618}.Debug|Any CPU.ActiveCfg = Debug|Any CPU
		{32C54985-8A69-4DD2-AA19-ED7B810AE618}.Debug|Any CPU.Build.0 = Debug|Any CPU
		{32C54985-8A69-4DD2-AA19-ED7B810AE618}.Release|Any CPU.ActiveCfg = Release|Any CPU
		{32C54985-8A69-4DD2-AA19-ED7B810AE618}.Release|Any CPU.Build.0 = Release|Any CPU
	EndGlobalSection
	GlobalSection(SolutionProperties) = preSolution
		HideSolutionNode = FALSE
	EndGlobalSection
	GlobalSection(NestedProjects) = preSolution
		{9F9726DF-17B6-4A3F-9BD6-9FF9823B9162} = {6126DFF8-BAF2-483E-87D6-5037B4FD285F}
		{5DA5D0C4-385A-4EE4-8648-B70404A991B7} = {6126DFF8-BAF2-483E-87D6-5037B4FD285F}
		{32C54985-8A69-4DD2-AA19-ED7B810AE618} = {6126DFF8-BAF2-483E-87D6-5037B4FD285F}
	EndGlobalSection
	GlobalSection(ExtensibilityGlobals) = postSolution
		SolutionGuid = {7BB194BF-9849-4653-A520-6057E1800F22}
	EndGlobalSection
EndGlobal
